{
  "name": "mizook-fluxer",
  "lockfileVersion": 3,
  "requires": true,
  "packages": {
    "": {
      "dependencies": {
        "@fluxerjs/core": "^2.2.0",
        "strip-ansi": "^7.2.0",
        "undici": "^6.23.0"
      }
    },
    "node_modules/@fluxerjs/builders": {
      "version": "2.2.0",
      "resolved": "https://registry.npmjs.org/@fluxerjs/builders/-/builders-2.2.0.tgz",
      "integrity": "sha512-ghRxVx0vHGY4PxS38C7suYQXfSPGb/d3jb8qzGqa2bdW6MyfoSfBXYHSbpxvEKeGypeccr2xYW0Q9bVC+5DVEA==",
      "license": "Apache-2.0",
      "dependencies": {
        "@fluxerjs/types": "2.2.0",
        "@fluxerjs/util": "2.2.0"
      },
      "engines": {
        "node": ">=22.13.0"
      }
    },
    "node_modules/@fluxerjs/collection": {
      "version": "2.2.0",
      "resolved": "https://registry.npmjs.org/@fluxerjs/collection/-/collection-2.2.0.tgz",
      "integrity": "sha512-EwTFm8TOaRf4DhxXM1gV+FocsXcsjARGazsnAANy4U3G1IzzzaGA7vAmoDlYQLx6Aoi3IVyQb1ueJGK1w2FW0Q==",
      "license": "Apache-2.0",
      "engines": {
        "node": ">=22.13.0"
      }
    },
    "node_modules/@fluxerjs/core": {
      "version": "2.2.0",
      "resolved": "https://registry.npmjs.org/@fluxerjs/core/-/core-2.2.0.tgz",
      "integrity": "sha512-pgIqqu4mwa9AgFKDsWN0scddEcxG79+z91d8hlfOqf1rMCyrw6rFlmP53aPKoEw/udunRy+T0z3ckC4M9lVYdw==",
      "license": "Apache-2.0",
      "dependencies": {
        "@fluxerjs/builders": "2.2.0",
        "@fluxerjs/collection": "2.2.0",
        "@fluxerjs/rest": "2.2.0",
        "@fluxerjs/types": "2.2.0",
        "@fluxerjs/util": "2.2.0",
        "@fluxerjs/ws": "2.2.0"
      },
      "engines": {
        "node": ">=22.13.0"
      }
    },
    "node_modules/@fluxerjs/rest": {
      "version": "2.2.0",
      "resolved": "https://registry.npmjs.org/@fluxerjs/rest/-/rest-2.2.0.tgz",
      "integrity": "sha512-41XQRLvrSjwYMnFJe/8usigLC4PtjB9aeGgmKN5x+GUgJzRswiNUfrHXpiq7uqvTdGSsI+tbghJatzPRTg4B9w==",
      "license": "Apache-2.0",
      "dependencies": {
        "@fluxerjs/types": "2.2.0",
        "undici": "^7.28.0"
      },
      "engines": {
        "node": ">=22.13.0"
      }
    },
    "node_modules/@fluxerjs/rest/node_modules/undici": {
      "version": "7.29.0",
      "resolved": "https://registry.npmjs.org/undici/-/undici-7.29.0.tgz",
      "integrity": "sha512-IDxfleLmmbSskfWSUATiN1nfn2rDuvnMOqb5CWR92iIfojA0Ud+ulOAAEQ57LPr9rWmsreUyf5lwyao+7GNNVw==",
      "license": "MIT",
      "engines": {
        "node": ">=20.18.1"
      }
    },
    "node_modules/@fluxerjs/types": {
      "version": "2.2.0",
      "resolved": "https://registry.npmjs.org/@fluxerjs/types/-/types-2.2.0.tgz",
      "integrity": "sha512-5ZhG/fQYphmngnHvS5FxJZUl5uBGPuK+JV+s9M/iPH+vYToHRJ1tkk55Sm8fbkqr9lvXEkmENvT5soQ2ooAFJQ==",
      "license": "Apache-2.0",
      "engines": {
        "node": ">=22.13.0"
      }
    },
    "node_modules/@fluxerjs/util": {
      "version": "2.2.0",
      "resolved": "https://registry.npmjs.org/@fluxerjs/util/-/util-2.2.0.tgz",
      "integrity": "sha512-apxwph0w7hBDcnnC7St3/qPCRlKvj2zdj+rNa96JG6BDCHiD3RfLzZrkSTLyVfVKpUjDtuO/6X4T/0cQAhLHcA==",
      "license": "Apache-2.0",
      "dependencies": {
        "@fluxerjs/types": "2.2.0"
      },
      "engines": {
        "node": ">=22.13.0"
      }
    },
    "node_modules/@fluxerjs/ws": {
      "version": "2.2.0",
      "resolved": "https://registry.npmjs.org/@fluxerjs/ws/-/ws-2.2.0.tgz",
      "integrity": "sha512-WXy67dNALMV60jMaw1TJjziSz7gEK1EO82DtBHinL96tZ78QKz7Qst99wuy1RlR9LvDbN7X7CBlFsgx+Bo6PNw==",
      "license": "Apache-2.0",
      "dependencies": {
        "@fluxerjs/types": "2.2.0",
        "@fluxerjs/util": "2.2.0",
        "ws": "^8.21.0"
      },
      "engines": {
        "node": ">=22.13.0"
      }
    },
    "node_modules/ansi-regex": {
      "version": "6.2.2",
      "resolved": "https://registry.npmjs.org/ansi-regex/-/ansi-regex-6.2.2.tgz",
      "integrity": "sha512-Bq3SmSpyFHaWjPk8If9yc6svM8c56dB5BAtW4Qbw5jHTwwXXcTLoRMkpDJp6VL0XzlWaCHTXrkFURMYmD0sLqg==",
      "license": "MIT",
      "engines": {
        "node": ">=12"
      },
      "funding": {
        "url": "https://github.com/chalk/ansi-regex?sponsor=1"
      }
    },
    "node_modules/strip-ansi": {
      "version": "7.2.0",
      "resolved": "https://registry.npmjs.org/strip-ansi/-/strip-ansi-7.2.0.tgz",
      "integrity": "sha512-yDPMNjp4WyfYBkHnjIRLfca1i6KMyGCtsVgoKe/z1+6vukgaENdgGBZt+ZmKPc4gavvEZ5OgHfHdrazhgNyG7w==",
      "license": "MIT",
      "dependencies": {
        "ansi-regex": "^6.2.2"
      },
      "engines": {
        "node": ">=12"
      },
      "funding": {
        "url": "https://github.com/chalk/strip-ansi?sponsor=1"
      }
    },
    "node_modules/undici": {
      "version": "6.28.0",
      "resolved": "https://registry.npmjs.org/undici/-/undici-6.28.0.tgz",
      "integrity": "sha512-LIY910g9TI13YS95lrMFrs8Rm/u/irgHeTWoKCoteeJ04CUJ92eEfj0rVn+7VKMPBpUPiUoBKfhNyLI23EE/KA==",
      "license": "MIT",
      "engines": {
        "node": ">=18.17"
      }
    },
    "node_modules/ws": {
      "version": "8.21.2",
      "resolved": "https://registry.npmjs.org/ws/-/ws-8.21.2.tgz",
      "integrity": "sha512-54dMVAo4WIe6SKy3vBgN+9bJZqqQ8IMRevAkOLQALhi49qkkQDQfWdAZ8KQlXiEabw88ARXXdUrlvtbKQX+aKw==",
      "license": "MIT",
      "engines": {
        "node": ">=10.0.0"
      },
      "peerDependencies": {
        "bufferutil": "^4.0.1",
        "utf-8-validate": ">=5.0.2"
      },
      "peerDependenciesMeta": {
        "bufferutil": {
          "optional": true
        },
        "utf-8-validate": {
          "optional": true
        }
      }
    }
  }
}
