{
  "name": "mizook-fluxer",
  "lockfileVersion": 3,
  "requires": true,
  "packages": {
    "": {
      "dependencies": {
        "@fluxerjs/core": "^2.0.0",
        "undici": "^6.23.0"
      }
    },
    "node_modules/@fluxerjs/builders": {
      "version": "2.0.0",
      "resolved": "https://registry.npmjs.org/@fluxerjs/builders/-/builders-2.0.0.tgz",
      "integrity": "sha512-0qWHW1NkfCnsH48sBCYgF1Uw4nO61hrZA4mlXMTRqYIWJ43+pyPYjtVURnqVK6Hdyucm2JOzsdWkL2ebefk12g==",
      "license": "Apache-2.0",
      "dependencies": {
        "@fluxerjs/types": "2.0.0",
        "@fluxerjs/util": "2.0.0"
      }
    },
    "node_modules/@fluxerjs/collection": {
      "version": "2.0.0",
      "resolved": "https://registry.npmjs.org/@fluxerjs/collection/-/collection-2.0.0.tgz",
      "integrity": "sha512-NF2Qwh5uTcyp4DI6T8vWz70uUH8NxvijQwyqMYc9H8fhJZYFoWoL1iUrFu8D9pH2THEDvlSAUw7ees90iU8axA==",
      "license": "Apache-2.0"
    },
    "node_modules/@fluxerjs/core": {
      "version": "2.0.1",
      "resolved": "https://registry.npmjs.org/@fluxerjs/core/-/core-2.0.1.tgz",
      "integrity": "sha512-ySxsxQou6Mi+6dshzcay1zhEbTV+/FmYcT4BEazVTDF5ZXN0DTg+iH59MeRHOvj4+CZ4l77aO59pC68edHUSzQ==",
      "license": "Apache-2.0",
      "dependencies": {
        "@fluxerjs/builders": "2.0.0",
        "@fluxerjs/collection": "2.0.0",
        "@fluxerjs/rest": "2.0.1",
        "@fluxerjs/types": "2.0.0",
        "@fluxerjs/util": "2.0.0",
        "@fluxerjs/ws": "2.0.1"
      },
      "engines": {
        "node": ">=18.0.0"
      }
    },
    "node_modules/@fluxerjs/rest": {
      "version": "2.0.1",
      "resolved": "https://registry.npmjs.org/@fluxerjs/rest/-/rest-2.0.1.tgz",
      "integrity": "sha512-Bl4FYBJ4V3t7cDcgYYMOuAAHlgCsF8XHjllXLJiEUQ82YD2gJmfK/9JbmOz0NF5n4+BznjnFfCzN7MocoshkyA==",
      "license": "Apache-2.0",
      "dependencies": {
        "@fluxerjs/types": "2.0.0",
        "undici": "^7.28.0"
      }
    },
    "node_modules/@fluxerjs/rest/node_modules/undici": {
      "version": "7.28.0",
      "resolved": "https://registry.npmjs.org/undici/-/undici-7.28.0.tgz",
      "integrity": "sha512-cRZYrTDwWznlnRiPjggAGxZXanty6M8RV1ff8Wm4LWXBp7/IG8v5DnOm74DtUBp9OONpK75YlPnIjQqX0dBDtA==",
      "license": "MIT",
      "engines": {
        "node": ">=20.18.1"
      }
    },
    "node_modules/@fluxerjs/types": {
      "version": "2.0.0",
      "resolved": "https://registry.npmjs.org/@fluxerjs/types/-/types-2.0.0.tgz",
      "integrity": "sha512-p7KXabbP7HEvrlvhmqdLavcAjeW5KssaD1y7ykY66aSv72rJJVIMtey3VNjOZKKmWyH27IQMDWX1nilVEpjamg==",
      "license": "Apache-2.0"
    },
    "node_modules/@fluxerjs/util": {
      "version": "2.0.0",
      "resolved": "https://registry.npmjs.org/@fluxerjs/util/-/util-2.0.0.tgz",
      "integrity": "sha512-ciu6UZeqtIyyk3Y0q9qVyUWn6TtUZkewCe0ibLapV4a8Bfp4OLhJTXRauwWF6a6M6AK26D20MZJ6/zCGEugPsQ==",
      "license": "Apache-2.0",
      "dependencies": {
        "@fluxerjs/types": "2.0.0"
      }
    },
    "node_modules/@fluxerjs/ws": {
      "version": "2.0.1",
      "resolved": "https://registry.npmjs.org/@fluxerjs/ws/-/ws-2.0.1.tgz",
      "integrity": "sha512-JxCi1MHOqWu2g52Rl/CPtUjWWTgtXq7UKVvWY1+BToVl3LMpbOQlplAXsfT0OQUif/DpzTCijZ/cWiKQY/7VNg==",
      "license": "Apache-2.0",
      "dependencies": {
        "@fluxerjs/types": "2.0.0",
        "@fluxerjs/util": "2.0.0",
        "ws": "^8.21.0"
      }
    },
    "node_modules/undici": {
      "version": "6.27.0",
      "resolved": "https://registry.npmjs.org/undici/-/undici-6.27.0.tgz",
      "integrity": "sha512-YmfV3YnEDzXRC5lZ2jWtWWHKGUm1zIt8AhesR1tens+HTNv+YZlN/dp6G727LOvMJ8xjP9Be7Y2Sdr96LDm+pg==",
      "license": "MIT",
      "engines": {
        "node": ">=18.17"
      }
    },
    "node_modules/ws": {
      "version": "8.21.0",
      "resolved": "https://registry.npmjs.org/ws/-/ws-8.21.0.tgz",
      "integrity": "sha512-Vsp28b7DRcimFQvrqu2Wek3z1iYxDCWqHYB8Qsnk/S4RfaCQzPGPyBNuVjJV3cd6UiKtUtp6sNM77gWvzcCH+g==",
      "license": "MIT",
      "engines": {
        "node": ">=10.0.0"
      },
      "peerDependencies": {
        "bufferutil": "^4.0.1",
        "utf-8-validate": ">=5.0.2"
      },
      "peerDependenciesMeta": {
        "bufferutil": {
          "optional": true
        },
        "utf-8-validate": {
          "optional": true
        }
      }
    }
  }
}
